
Microsoft Visual Studio Solution File, Format Version 12.00
# Visual Studio Version 16
VisualStudioVersion = 16.0.29613.14
MinimumVisualStudioVersion = 10.0.40219.1
Project("{FAE04EC0-301F-11D3-BF4B-00C04F79EFBC}") = "ArcadisToolbar_I", "ArcadisToolbar_I.csproj", "{D110168E-0920-494C-B25C-17391D42EBEA}"
EndProject
Project("{FAE04EC0-301F-11D3-BF4B-00C04F79EFBC}") = "MetricsTracker", "..\MetricsTracker\MetricsTracker.csproj", "{1F7B0815-CC99-42C9-8B18-0AC5F776F94C}"
EndProject
Project("{FAE04EC0-301F-11D3-BF4B-00C04F79EFBC}") = "ArcadisToolbar_II", "..\CableTools\ArcadisToolbar_II.csproj", "{5968C498-0F27-4BE5-8B65-E2453DA98F85}"
EndProject
Project("{FAE04EC0-301F-11D3-BF4B-00C04F79EFBC}") = "Export_Panel", "..\Export_Panel\Export_Panel.csproj", "{5CA796B4-F1C5-4BB4-89E9-B7091A14EF9C}"
EndProject
Project("{FAE04EC0-301F-11D3-BF4B-00C04F79EFBC}") = "Import_Panel", "..\Import_Panel\Import_Panel.csproj", "{69644C38-D544-42D9-A15D-DE22B833CCC6}"
EndProject
Project("{FAE04EC0-301F-11D3-BF4B-00C04F79EFBC}") = "DynamicTools", "..\DynamicTools\DynamicTools.csproj", "{C6949286-63CE-4B10-BAE7-76D0A98C59FB}"
EndProject
Global
	GlobalSection(SolutionConfigurationPlatforms) = preSolution
		2018Debug|Any CPU = 2018Debug|Any CPU
		2018Release|Any CPU = 2018Release|Any CPU
		2019Debug|Any CPU = 2019Debug|Any CPU
		2019Release|Any CPU = 2019Release|Any CPU
		2020Debug|Any CPU = 2020Debug|Any CPU
		2020Release|Any CPU = 2020Release|Any CPU
	EndGlobalSection
	GlobalSection(ProjectConfigurationPlatforms) = postSolution
		{D110168E-0920-494C-B25C-17391D42EBEA}.2018Debug|Any CPU.ActiveCfg = 2018Debug|Any CPU
		{D110168E-0920-494C-B25C-17391D42EBEA}.2018Debug|Any CPU.Build.0 = 2018Debug|Any CPU
		{D110168E-0920-494C-B25C-17391D42EBEA}.2018Release|Any CPU.ActiveCfg = 2018Release|Any CPU
		{D110168E-0920-494C-B25C-17391D42EBEA}.2018Release|Any CPU.Build.0 = 2018Release|Any CPU
		{D110168E-0920-494C-B25C-17391D42EBEA}.2019Debug|Any CPU.ActiveCfg = 2019Debug|Any CPU
		{D110168E-0920-494C-B25C-17391D42EBEA}.2019Debug|Any CPU.Build.0 = 2019Debug|Any CPU
		{D110168E-0920-494C-B25C-17391D42EBEA}.2019Release|Any CPU.ActiveCfg = 2019Release|Any CPU
		{D110168E-0920-494C-B25C-17391D42EBEA}.2019Release|Any CPU.Build.0 = 2019Release|Any CPU
		{D110168E-0920-494C-B25C-17391D42EBEA}.2020Debug|Any CPU.ActiveCfg = 2020Debug|Any CPU
		{D110168E-0920-494C-B25C-17391D42EBEA}.2020Debug|Any CPU.Build.0 = 2020Debug|Any CPU
		{D110168E-0920-494C-B25C-17391D42EBEA}.2020Release|Any CPU.ActiveCfg = 2020Release|Any CPU
		{D110168E-0920-494C-B25C-17391D42EBEA}.2020Release|Any CPU.Build.0 = 2020Release|Any CPU
		{1F7B0815-CC99-42C9-8B18-0AC5F776F94C}.2018Debug|Any CPU.ActiveCfg = 2018Debug|Any CPU
		{1F7B0815-CC99-42C9-8B18-0AC5F776F94C}.2018Debug|Any CPU.Build.0 = 2018Debug|Any CPU
		{1F7B0815-CC99-42C9-8B18-0AC5F776F94C}.2018Release|Any CPU.ActiveCfg = 2018Release|Any CPU
		{1F7B0815-CC99-42C9-8B18-0AC5F776F94C}.2018Release|Any CPU.Build.0 = 2018Release|Any CPU
		{1F7B0815-CC99-42C9-8B18-0AC5F776F94C}.2019Debug|Any CPU.ActiveCfg = 2019Debug|Any CPU
		{1F7B0815-CC99-42C9-8B18-0AC5F776F94C}.2019Debug|Any CPU.Build.0 = 2019Debug|Any CPU
		{1F7B0815-CC99-42C9-8B18-0AC5F776F94C}.2019Release|Any CPU.ActiveCfg = 2019Release|Any CPU
		{1F7B0815-CC99-42C9-8B18-0AC5F776F94C}.2019Release|Any CPU.Build.0 = 2019Release|Any CPU
		{1F7B0815-CC99-42C9-8B18-0AC5F776F94C}.2020Debug|Any CPU.ActiveCfg = 2020Debug|Any CPU
		{1F7B0815-CC99-42C9-8B18-0AC5F776F94C}.2020Debug|Any CPU.Build.0 = 2020Debug|Any CPU
		{1F7B0815-CC99-42C9-8B18-0AC5F776F94C}.2020Release|Any CPU.ActiveCfg = 2020Release|Any CPU
		{1F7B0815-CC99-42C9-8B18-0AC5F776F94C}.2020Release|Any CPU.Build.0 = 2020Release|Any CPU
		{5968C498-0F27-4BE5-8B65-E2453DA98F85}.2018Debug|Any CPU.ActiveCfg = 2018Debug|Any CPU
		{5968C498-0F27-4BE5-8B65-E2453DA98F85}.2018Debug|Any CPU.Build.0 = 2018Debug|Any CPU
		{5968C498-0F27-4BE5-8B65-E2453DA98F85}.2018Release|Any CPU.ActiveCfg = 2018Release|Any CPU
		{5968C498-0F27-4BE5-8B65-E2453DA98F85}.2018Release|Any CPU.Build.0 = 2018Release|Any CPU
		{5968C498-0F27-4BE5-8B65-E2453DA98F85}.2019Debug|Any CPU.ActiveCfg = 2019Debug|Any CPU
		{5968C498-0F27-4BE5-8B65-E2453DA98F85}.2019Debug|Any CPU.Build.0 = 2019Debug|Any CPU
		{5968C498-0F27-4BE5-8B65-E2453DA98F85}.2019Release|Any CPU.ActiveCfg = 2019Release|Any CPU
		{5968C498-0F27-4BE5-8B65-E2453DA98F85}.2019Release|Any CPU.Build.0 = 2019Release|Any CPU
		{5968C498-0F27-4BE5-8B65-E2453DA98F85}.2020Debug|Any CPU.ActiveCfg = 2020Debug|Any CPU
		{5968C498-0F27-4BE5-8B65-E2453DA98F85}.2020Debug|Any CPU.Build.0 = 2020Debug|Any CPU
		{5968C498-0F27-4BE5-8B65-E2453DA98F85}.2020Release|Any CPU.ActiveCfg = 2020Release|Any CPU
		{5968C498-0F27-4BE5-8B65-E2453DA98F85}.2020Release|Any CPU.Build.0 = 2020Release|Any CPU
		{5CA796B4-F1C5-4BB4-89E9-B7091A14EF9C}.2018Debug|Any CPU.ActiveCfg = 2018Debug|Any CPU
		{5CA796B4-F1C5-4BB4-89E9-B7091A14EF9C}.2018Debug|Any CPU.Build.0 = 2018Debug|Any CPU
		{5CA796B4-F1C5-4BB4-89E9-B7091A14EF9C}.2018Release|Any CPU.ActiveCfg = 2018Release|Any CPU
		{5CA796B4-F1C5-4BB4-89E9-B7091A14EF9C}.2018Release|Any CPU.Build.0 = 2018Release|Any CPU
		{5CA796B4-F1C5-4BB4-89E9-B7091A14EF9C}.2019Debug|Any CPU.ActiveCfg = 2019Debug|Any CPU
		{5CA796B4-F1C5-4BB4-89E9-B7091A14EF9C}.2019Debug|Any CPU.Build.0 = 2019Debug|Any CPU
		{5CA796B4-F1C5-4BB4-89E9-B7091A14EF9C}.2019Release|Any CPU.ActiveCfg = 2019Release|Any CPU
		{5CA796B4-F1C5-4BB4-89E9-B7091A14EF9C}.2019Release|Any CPU.Build.0 = 2019Release|Any CPU
		{5CA796B4-F1C5-4BB4-89E9-B7091A14EF9C}.2020Debug|Any CPU.ActiveCfg = 2020Debug|Any CPU
		{5CA796B4-F1C5-4BB4-89E9-B7091A14EF9C}.2020Debug|Any CPU.Build.0 = 2020Debug|Any CPU
		{5CA796B4-F1C5-4BB4-89E9-B7091A14EF9C}.2020Release|Any CPU.ActiveCfg = 2020Release|Any CPU
		{5CA796B4-F1C5-4BB4-89E9-B7091A14EF9C}.2020Release|Any CPU.Build.0 = 2020Release|Any CPU
		{69644C38-D544-42D9-A15D-DE22B833CCC6}.2018Debug|Any CPU.ActiveCfg = 2018Debug|Any CPU
		{69644C38-D544-42D9-A15D-DE22B833CCC6}.2018Debug|Any CPU.Build.0 = 2018Debug|Any CPU
		{69644C38-D544-42D9-A15D-DE22B833CCC6}.2018Release|Any CPU.ActiveCfg = 2018Release|Any CPU
		{69644C38-D544-42D9-A15D-DE22B833CCC6}.2018Release|Any CPU.Build.0 = 2018Release|Any CPU
		{69644C38-D544-42D9-A15D-DE22B833CCC6}.2019Debug|Any CPU.ActiveCfg = 2019Debug|Any CPU
		{69644C38-D544-42D9-A15D-DE22B833CCC6}.2019Debug|Any CPU.Build.0 = 2019Debug|Any CPU
		{69644C38-D544-42D9-A15D-DE22B833CCC6}.2019Release|Any CPU.ActiveCfg = 2019Release|Any CPU
		{69644C38-D544-42D9-A15D-DE22B833CCC6}.2019Release|Any CPU.Build.0 = 2019Release|Any CPU
		{69644C38-D544-42D9-A15D-DE22B833CCC6}.2020Debug|Any CPU.ActiveCfg = 2020Debug|Any CPU
		{69644C38-D544-42D9-A15D-DE22B833CCC6}.2020Debug|Any CPU.Build.0 = 2020Debug|Any CPU
		{69644C38-D544-42D9-A15D-DE22B833CCC6}.2020Release|Any CPU.ActiveCfg = 2020Release|Any CPU
		{69644C38-D544-42D9-A15D-DE22B833CCC6}.2020Release|Any CPU.Build.0 = 2020Release|Any CPU
		{C6949286-63CE-4B10-BAE7-76D0A98C59FB}.2018Debug|Any CPU.ActiveCfg = 2018Debug|Any CPU
		{C6949286-63CE-4B10-BAE7-76D0A98C59FB}.2018Debug|Any CPU.Build.0 = 2018Debug|Any CPU
		{C6949286-63CE-4B10-BAE7-76D0A98C59FB}.2018Release|Any CPU.ActiveCfg = 2018Release|Any CPU
		{C6949286-63CE-4B10-BAE7-76D0A98C59FB}.2018Release|Any CPU.Build.0 = 2018Release|Any CPU
		{C6949286-63CE-4B10-BAE7-76D0A98C59FB}.2019Debug|Any CPU.ActiveCfg = 2019Debug|Any CPU
		{C6949286-63CE-4B10-BAE7-76D0A98C59FB}.2019Debug|Any CPU.Build.0 = 2019Debug|Any CPU
		{C6949286-63CE-4B10-BAE7-76D0A98C59FB}.2019Release|Any CPU.ActiveCfg = 2019Release|Any CPU
		{C6949286-63CE-4B10-BAE7-76D0A98C59FB}.2019Release|Any CPU.Build.0 = 2019Release|Any CPU
		{C6949286-63CE-4B10-BAE7-76D0A98C59FB}.2020Debug|Any CPU.ActiveCfg = 2020Debug|Any CPU
		{C6949286-63CE-4B10-BAE7-76D0A98C59FB}.2020Debug|Any CPU.Build.0 = 2020Debug|Any CPU
		{C6949286-63CE-4B10-BAE7-76D0A98C59FB}.2020Release|Any CPU.ActiveCfg = 2020Release|Any CPU
		{C6949286-63CE-4B10-BAE7-76D0A98C59FB}.2020Release|Any CPU.Build.0 = 2020Release|Any CPU
	EndGlobalSection
	GlobalSection(SolutionProperties) = preSolution
		HideSolutionNode = FALSE
	EndGlobalSection
	GlobalSection(ExtensibilityGlobals) = postSolution
		SolutionGuid = {8D3B413E-7682-448F-9181-2CBB293798C9}
	EndGlobalSection
EndGlobal
